// !$*UTF8*$!
{
	archiveVersion = 1;
	classes = {
	};
	objectVersion = 48;
	objects = {

/* Begin PBXBuildFile section */
		38172C8A20A30C24000CBD08 /* AppDelegate.swift in Sources */ = {isa = PBXBuildFile; fileRef = 38172C8920A30C24000CBD08 /* AppDelegate.swift */; };
		38172C8F20A30C24000CBD08 /* Main.storyboard in Resources */ = {isa = PBXBuildFile; fileRef = 38172C8D20A30C24000CBD08 /* Main.storyboard */; };
		38172C9220A30C24000CBD08 /* DouYuZHiBo.xcdatamodeld in Sources */ = {isa = PBXBuildFile; fileRef = 38172C9020A30C24000CBD08 /* DouYuZHiBo.xcdatamodeld */; };
		38172C9420A30C24000CBD08 /* Assets.xcassets in Resources */ = {isa = PBXBuildFile; fileRef = 38172C9320A30C24000CBD08 /* Assets.xcassets */; };
		38172C9720A30C24000CBD08 /* LaunchScreen.storyboard in Resources */ = {isa = PBXBuildFile; fileRef = 38172C9520A30C24000CBD08 /* LaunchScreen.storyboard */; };
		383369A320A4338A00DB51B1 /* Home.storyboard in Resources */ = {isa = PBXBuildFile; fileRef = 383369A120A4338A00DB51B1 /* Home.storyboard */; };
		383369A620A433AC00DB51B1 /* Live.storyboard in Resources */ = {isa = PBXBuildFile; fileRef = 383369A420A433AC00DB51B1 /* Live.storyboard */; };
		383369A920A433F600DB51B1 /* Follow.storyboard in Resources */ = {isa = PBXBuildFile; fileRef = 383369A720A433F600DB51B1 /* Follow.storyboard */; };
		383369B620A446DE00DB51B1 /* MainViewController.swift in Sources */ = {isa = PBXBuildFile; fileRef = 383369B420A446DE00DB51B1 /* MainViewController.swift */; };
		383369B820A4478700DB51B1 /* HomeViewController.swift in Sources */ = {isa = PBXBuildFile; fileRef = 383369B720A4478700DB51B1 /* HomeViewController.swift */; };
		383369BA20A44C2D00DB51B1 /* Profile.storyboard in Resources */ = {isa = PBXBuildFile; fileRef = 383369B920A44C2D00DB51B1 /* Profile.storyboard */; };
		383369BD20A44E8900DB51B1 /* UIBarButtonItem-Extension.swift in Sources */ = {isa = PBXBuildFile; fileRef = 383369BC20A44E8900DB51B1 /* UIBarButtonItem-Extension.swift */; };
		386775DA20A95C660023AAEC /* PageTitleView.swift in Sources */ = {isa = PBXBuildFile; fileRef = 386775D920A95C660023AAEC /* PageTitleView.swift */; };
		386775DC20A964690023AAEC /* common.swift in Sources */ = {isa = PBXBuildFile; fileRef = 386775DB20A964690023AAEC /* common.swift */; };
		386775DE20AC22E50023AAEC /* PageContentView.swift in Sources */ = {isa = PBXBuildFile; fileRef = 386775DD20AC22E50023AAEC /* PageContentView.swift */; };
		386775E220AC2FAB0023AAEC /* UIColor-Extension.swift in Sources */ = {isa = PBXBuildFile; fileRef = 386775E120AC2FAB0023AAEC /* UIColor-Extension.swift */; };
/* End PBXBuildFile section */

/* Begin PBXFileReference section */
		38172C8620A30C24000CBD08 /* DouYuZHiBo.app */ = {isa = PBXFileReference; explicitFileType = wrapper.application; includeInIndex = 0; path = DouYuZHiBo.app; sourceTree = BUILT_PRODUCTS_DIR; };
		38172C8920A30C24000CBD08 /* AppDelegate.swift */ = {isa = PBXFileReference; lastKnownFileType = sourcecode.swift; path = AppDelegate.swift; sourceTree = "<group>"; };
		38172C8E20A30C24000CBD08 /* Base */ = {isa = PBXFileReference; lastKnownFileType = file.storyboard; name = Base; path = Base.lproj/Main.storyboard; sourceTree = "<group>"; };
		38172C9120A30C24000CBD08 /* DouYuZHiBo.xcdatamodel */ = {isa = PBXFileReference; lastKnownFileType = wrapper.xcdatamodel; path = DouYuZHiBo.xcdatamodel; sourceTree = "<group>"; };
		38172C9320A30C24000CBD08 /* Assets.xcassets */ = {isa = PBXFileReference; lastKnownFileType = folder.assetcatalog; path = Assets.xcassets; sourceTree = "<group>"; };
		38172C9620A30C24000CBD08 /* Base */ = {isa = PBXFileReference; lastKnownFileType = file.storyboard; name = Base; path = Base.lproj/LaunchScreen.storyboard; sourceTree = "<group>"; };
		38172C9820A30C24000CBD08 /* Info.plist */ = {isa = PBXFileReference; lastKnownFileType = text.plist.xml; path = Info.plist; sourceTree = "<group>"; };
		383369A220A4338A00DB51B1 /* Base */ = {isa = PBXFileReference; lastKnownFileType = file.storyboard; name = Base; path = DouYuZHiBo/Classes/Base.lproj/Home.storyboard; sourceTree = "<group>"; };
		383369A520A433AC00DB51B1 /* Base */ = {isa = PBXFileReference; lastKnownFileType = file.storyboard; name = Base; path = DouYuZHiBo/Classes/Base.lproj/Live.storyboard; sourceTree = "<group>"; };
		383369A820A433F600DB51B1 /* Base */ = {isa = PBXFileReference; lastKnownFileType = file.storyboard; name = Base; path = DouYuZHiBo/Classes/Base.lproj/Follow.storyboard; sourceTree = "<group>"; };
		383369B420A446DE00DB51B1 /* MainViewController.swift */ = {isa = PBXFileReference; fileEncoding = 4; lastKnownFileType = sourcecode.swift; path = MainViewController.swift; sourceTree = "<group>"; };
		383369B720A4478700DB51B1 /* HomeViewController.swift */ = {isa = PBXFileReference; lastKnownFileType = sourcecode.swift; path = HomeViewController.swift; sourceTree = "<group>"; };
		383369B920A44C2D00DB51B1 /* Profile.storyboard */ = {isa = PBXFileReference; fileEncoding = 4; lastKnownFileType = file.storyboard; path = Profile.storyboard; sourceTree = "<group>"; };
		383369BC20A44E8900DB51B1 /* UIBarButtonItem-Extension.swift */ = {isa = PBXFileReference; lastKnownFileType = sourcecode.swift; path = "UIBarButtonItem-Extension.swift"; sourceTree = "<group>"; };
		386775D920A95C660023AAEC /* PageTitleView.swift */ = {isa = PBXFileReference; lastKnownFileType = sourcecode.swift; path = PageTitleView.swift; sourceTree = "<group>"; };
		386775DB20A964690023AAEC /* common.swift */ = {isa = PBXFileReference; lastKnownFileType = sourcecode.swift; path = common.swift; sourceTree = "<group>"; };
		386775DD20AC22E50023AAEC /* PageContentView.swift */ = {isa = PBXFileReference; lastKnownFileType = sourcecode.swift; path = PageContentView.swift; sourceTree = "<group>"; };
		386775E120AC2FAB0023AAEC /* UIColor-Extension.swift */ = {isa = PBXFileReference; lastKnownFileType = sourcecode.swift; path = "UIColor-Extension.swift"; sourceTree = "<group>"; };
/* End PBXFileReference section */

/* Begin PBXFrameworksBuildPhase section */
		38172C8320A30C24000CBD08 /* Frameworks */ = {
			isa = PBXFrameworksBuildPhase;
			buildActionMask = 2147483647;
			files = (
			);
			runOnlyForDeploymentPostprocessing = 0;
		};
/* End PBXFrameworksBuildPhase section */

/* Begin PBXGroup section */
		38172C7D20A30C23000CBD08 = {
			isa = PBXGroup;
			children = (
				38172C8820A30C24000CBD08 /* DouYuZHiBo */,
				38172C8720A30C24000CBD08 /* Products */,
			);
			sourceTree = "<group>";
		};
		38172C8720A30C24000CBD08 /* Products */ = {
			isa = PBXGroup;
			children = (
				38172C8620A30C24000CBD08 /* DouYuZHiBo.app */,
			);
			name = Products;
			sourceTree = "<group>";
		};
		38172C8820A30C24000CBD08 /* DouYuZHiBo */ = {
			isa = PBXGroup;
			children = (
				3833699A20A41E6400DB51B1 /* Classes */,
				38172C8920A30C24000CBD08 /* AppDelegate.swift */,
				38172C9320A30C24000CBD08 /* Assets.xcassets */,
				38172C9520A30C24000CBD08 /* LaunchScreen.storyboard */,
				38172C9820A30C24000CBD08 /* Info.plist */,
				38172C9020A30C24000CBD08 /* DouYuZHiBo.xcdatamodeld */,
			);
			path = DouYuZHiBo;
			sourceTree = "<group>";
		};
		3833699A20A41E6400DB51B1 /* Classes */ = {
			isa = PBXGroup;
			children = (
				383369A020A41E6400DB51B1 /* Tools */,
				3833699E20A41E6400DB51B1 /* Main */,
				3833699C20A41E6400DB51B1 /* Home */,
				3833699B20A41E6400DB51B1 /* Follow */,
				3833699D20A41E6400DB51B1 /* Live */,
				3833699F20A41E6400DB51B1 /* Profile */,
			);
			path = Classes;
			sourceTree = "<group>";
		};
		3833699B20A41E6400DB51B1 /* Follow */ = {
			isa = PBXGroup;
			children = (
				383369A720A433F600DB51B1 /* Follow.storyboard */,
			);
			path = Follow;
			sourceTree = "<group>";
		};
		3833699C20A41E6400DB51B1 /* Home */ = {
			isa = PBXGroup;
			children = (
				383369B120A4462400DB51B1 /* Controller */,
				383369B020A4462400DB51B1 /* Model */,
				383369AF20A4462400DB51B1 /* View */,
			);
			path = Home;
			sourceTree = "<group>";
		};
		3833699D20A41E6400DB51B1 /* Live */ = {
			isa = PBXGroup;
			children = (
				383369A420A433AC00DB51B1 /* Live.storyboard */,
			);
			path = Live;
			sourceTree = "<group>";
		};
		3833699E20A41E6400DB51B1 /* Main */ = {
			isa = PBXGroup;
			children = (
				383369B320A446DE00DB51B1 /* Controller */,
				383369B220A446DD00DB51B1 /* Model */,
				383369B520A446DE00DB51B1 /* View */,
			);
			path = Main;
			sourceTree = "<group>";
		};
		3833699F20A41E6400DB51B1 /* Profile */ = {
			isa = PBXGroup;
			children = (
				383369B920A44C2D00DB51B1 /* Profile.storyboard */,
			);
			path = Profile;
			sourceTree = "<group>";
		};
		383369A020A41E6400DB51B1 /* Tools */ = {
			isa = PBXGroup;
			children = (
				383369BB20A44E4B00DB51B1 /* Extension */,
			);
			path = Tools;
			sourceTree = "<group>";
		};
		383369AF20A4462400DB51B1 /* View */ = {
			isa = PBXGroup;
			children = (
			);
			path = View;
			sourceTree = "<group>";
		};
		383369B020A4462400DB51B1 /* Model */ = {
			isa = PBXGroup;
			children = (
			);
			path = Model;
			sourceTree = "<group>";
		};
		383369B120A4462400DB51B1 /* Controller */ = {
			isa = PBXGroup;
			children = (
				383369A120A4338A00DB51B1 /* Home.storyboard */,
				383369B720A4478700DB51B1 /* HomeViewController.swift */,
			);
			path = Controller;
			sourceTree = "<group>";
		};
		383369B220A446DD00DB51B1 /* Model */ = {
			isa = PBXGroup;
			children = (
			);
			path = Model;
			sourceTree = "<group>";
		};
		383369B320A446DE00DB51B1 /* Controller */ = {
			isa = PBXGroup;
			children = (
				383369B420A446DE00DB51B1 /* MainViewController.swift */,
				38172C8D20A30C24000CBD08 /* Main.storyboard */,
			);
			path = Controller;
			sourceTree = "<group>";
		};
		383369B520A446DE00DB51B1 /* View */ = {
			isa = PBXGroup;
			children = (
				386775D920A95C660023AAEC /* PageTitleView.swift */,
				386775DD20AC22E50023AAEC /* PageContentView.swift */,
			);
			path = View;
			sourceTree = "<group>";
		};
		383369BB20A44E4B00DB51B1 /* Extension */ = {
			isa = PBXGroup;
			children = (
				383369BC20A44E8900DB51B1 /* UIBarButtonItem-Extension.swift */,
				386775DB20A964690023AAEC /* common.swift */,
				386775E120AC2FAB0023AAEC /* UIColor-Extension.swift */,
			);
			path = Extension;
			sourceTree = "<group>";
		};
/* End PBXGroup section */

/* Begin PBXNativeTarget section */
		38172C8520A30C24000CBD08 /* DouYuZHiBo */ = {
			isa = PBXNativeTarget;
			buildConfigurationList = 38172C9B20A30C24000CBD08 /* Build configuration list for PBXNativeTarget "DouYuZHiBo" */;
			buildPhases = (
				38172C8220A30C24000CBD08 /* Sources */,
				38172C8320A30C24000CBD08 /* Frameworks */,
				38172C8420A30C24000CBD08 /* Resources */,
			);
			buildRules = (
			);
			dependencies = (
			);
			name = DouYuZHiBo;
			productName = DouYuZHiBo;
			productReference = 38172C8620A30C24000CBD08 /* DouYuZHiBo.app */;
			productType = "com.apple.product-type.application";
		};
/* End PBXNativeTarget section */

/* Begin PBXProject section */
		38172C7E20A30C23000CBD08 /* Project object */ = {
			isa = PBXProject;
			attributes = {
				LastSwiftUpdateCheck = 0920;
				LastUpgradeCheck = 0920;
				ORGANIZATIONNAME = xiao;
				TargetAttributes = {
					38172C8520A30C24000CBD08 = {
						CreatedOnToolsVersion = 9.2;
						ProvisioningStyle = Manual;
					};
				};
			};
			buildConfigurationList = 38172C8120A30C23000CBD08 /* Build configuration list for PBXProject "DouYuZHiBo" */;
			compatibilityVersion = "Xcode 8.0";
			developmentRegion = en;
			hasScannedForEncodings = 0;
			knownRegions = (
				en,
				Base,
			);
			mainGroup = 38172C7D20A30C23000CBD08;
			productRefGroup = 38172C8720A30C24000CBD08 /* Products */;
			projectDirPath = "";
			projectRoot = "";
			targets = (
				38172C8520A30C24000CBD08 /* DouYuZHiBo */,
			);
		};
/* End PBXProject section */

/* Begin PBXResourcesBuildPhase section */
		38172C8420A30C24000CBD08 /* Resources */ = {
			isa = PBXResourcesBuildPhase;
			buildActionMask = 2147483647;
			files = (
				38172C9720A30C24000CBD08 /* LaunchScreen.storyboard in Resources */,
				38172C9420A30C24000CBD08 /* Assets.xcassets in Resources */,
				38172C8F20A30C24000CBD08 /* Main.storyboard in Resources */,
				383369A620A433AC00DB51B1 /* Live.storyboard in Resources */,
				383369A320A4338A00DB51B1 /* Home.storyboard in Resources */,
				383369BA20A44C2D00DB51B1 /* Profile.storyboard in Resources */,
				383369A920A433F600DB51B1 /* Follow.storyboard in Resources */,
			);
			runOnlyForDeploymentPostprocessing = 0;
		};
/* End PBXResourcesBuildPhase section */

/* Begin PBXSourcesBuildPhase section */
		38172C8220A30C24000CBD08 /* Sources */ = {
			isa = PBXSourcesBuildPhase;
			buildActionMask = 2147483647;
			files = (
				386775DC20A964690023AAEC /* common.swift in Sources */,
				386775DA20A95C660023AAEC /* PageTitleView.swift in Sources */,
				383369BD20A44E8900DB51B1 /* UIBarButtonItem-Extension.swift in Sources */,
				386775DE20AC22E50023AAEC /* PageContentView.swift in Sources */,
				386775E220AC2FAB0023AAEC /* UIColor-Extension.swift in Sources */,
				383369B620A446DE00DB51B1 /* MainViewController.swift in Sources */,
				38172C9220A30C24000CBD08 /* DouYuZHiBo.xcdatamodeld in Sources */,
				38172C8A20A30C24000CBD08 /* AppDelegate.swift in Sources */,
				383369B820A4478700DB51B1 /* HomeViewController.swift in Sources */,
			);
			runOnlyForDeploymentPostprocessing = 0;
		};
/* End PBXSourcesBuildPhase section */

/* Begin PBXVariantGroup section */
		38172C8D20A30C24000CBD08 /* Main.storyboard */ = {
			isa = PBXVariantGroup;
			children = (
				38172C8E20A30C24000CBD08 /* Base */,
			);
			name = Main.storyboard;
			sourceTree = "<group>";
		};
		38172C9520A30C24000CBD08 /* LaunchScreen.storyboard */ = {
			isa = PBXVariantGroup;
			children = (
				38172C9620A30C24000CBD08 /* Base */,
			);
			name = LaunchScreen.storyboard;
			sourceTree = "<group>";
		};
		383369A120A4338A00DB51B1 /* Home.storyboard */ = {
			isa = PBXVariantGroup;
			children = (
				383369A220A4338A00DB51B1 /* Base */,
			);
			name = Home.storyboard;
			sourceTree = "<group>";
		};
		383369A420A433AC00DB51B1 /* Live.storyboard */ = {
			isa = PBXVariantGroup;
			children = (
				383369A520A433AC00DB51B1 /* Base */,
			);
			name = Live.storyboard;
			sourceTree = "<group>";
		};
		383369A720A433F600DB51B1 /* Follow.storyboard */ = {
			isa = PBXVariantGroup;
			children = (
				383369A820A433F600DB51B1 /* Base */,
			);
			name = Follow.storyboard;
			sourceTree = "<group>";
		};
/* End PBXVariantGroup section */

/* Begin XCBuildConfiguration section */
		38172C9920A30C24000CBD08 /* Debug */ = {
			isa = XCBuildConfiguration;
			buildSettings = {
				ALWAYS_SEARCH_USER_PATHS = NO;
				CLANG_ANALYZER_NONNULL = YES;
				CLANG_ANALYZER_NUMBER_OBJECT_CONVERSION = YES_AGGRESSIVE;
				CLANG_CXX_LANGUAGE_STANDARD = "gnu++14";
				CLANG_CXX_LIBRARY = "libc++";
				CLANG_ENABLE_MODULES = YES;
				CLANG_ENABLE_OBJC_ARC = YES;
				CLANG_WARN_BLOCK_CAPTURE_AUTORELEASING = YES;
				CLANG_WARN_BOOL_CONVERSION = YES;
				CLANG_WARN_COMMA = YES;
				CLANG_WARN_CONSTANT_CONVERSION = YES;
				CLANG_WARN_DIRECT_OBJC_ISA_USAGE = YES_ERROR;
				CLANG_WARN_DOCUMENTATION_COMMENTS = YES;
				CLANG_WARN_EMPTY_BODY = YES;
				CLANG_WARN_ENUM_CONVERSION = YES;
				CLANG_WARN_INFINITE_RECURSION = YES;
				CLANG_WARN_INT_CONVERSION = YES;
				CLANG_WARN_NON_LITERAL_NULL_CONVERSION = YES;
				CLANG_WARN_OBJC_LITERAL_CONVERSION = YES;
				CLANG_WARN_OBJC_ROOT_CLASS = YES_ERROR;
				CLANG_WARN_RANGE_LOOP_ANALYSIS = YES;
				CLANG_WARN_STRICT_PROTOTYPES = YES;
				CLANG_WARN_SUSPICIOUS_MOVE = YES;
				CLANG_WARN_UNGUARDED_AVAILABILITY = YES_AGGRESSIVE;
				CLANG_WARN_UNREACHABLE_CODE = YES;
				CLANG_WARN__DUPLICATE_METHOD_MATCH = YES;
				CODE_SIGN_IDENTITY = "iPhone Developer";
				COPY_PHASE_STRIP = NO;
				DEBUG_INFORMATION_FORMAT = dwarf;
				ENABLE_STRICT_OBJC_MSGSEND = YES;
				ENABLE_TESTABILITY = YES;
				GCC_C_LANGUAGE_STANDARD = gnu11;
				GCC_DYNAMIC_NO_PIC = NO;
				GCC_NO_COMMON_BLOCKS = YES;
				GCC_OPTIMIZATION_LEVEL = 0;
				GCC_PREPROCESSOR_DEFINITIONS = (
					"DEBUG=1",
					"$(inherited)",
				);
				GCC_WARN_64_TO_32_BIT_CONVERSION = YES;
				GCC_WARN_ABOUT_RETURN_TYPE = YES_ERROR;
				GCC_WARN_UNDECLARED_SELECTOR = YES;
				GCC_WARN_UNINITIALIZED_AUTOS = YES_AGGRESSIVE;
				GCC_WARN_UNUSED_FUNCTION = YES;
				GCC_WARN_UNUSED_VARIABLE = YES;
				IPHONEOS_DEPLOYMENT_TARGET = 11.2;
				MTL_ENABLE_DEBUG_INFO = YES;
				ONLY_ACTIVE_ARCH = YES;
				SDKROOT = iphoneos;
				SWIFT_ACTIVE_COMPILATION_CONDITIONS = DEBUG;
				SWIFT_OPTIMIZATION_LEVEL = "-Onone";
			};
			name = Debug;
		};
		38172C9A20A30C24000CBD08 /* Release */ = {
			isa = XCBuildConfiguration;
			buildSettings = {
				ALWAYS_SEARCH_USER_PATHS = NO;
				CLANG_ANALYZER_NONNULL = YES;
				CLANG_ANALYZER_NUMBER_OBJECT_CONVERSION = YES_AGGRESSIVE;
				CLANG_CXX_LANGUAGE_STANDARD = "gnu++14";
				CLANG_CXX_LIBRARY = "libc++";
				CLANG_ENABLE_MODULES = YES;
				CLANG_ENABLE_OBJC_ARC = YES;
				CLANG_WARN_BLOCK_CAPTURE_AUTORELEASING = YES;
				CLANG_WARN_BOOL_CONVERSION = YES;
				CLANG_WARN_COMMA = YES;
				CLANG_WARN_CONSTANT_CONVERSION = YES;
				CLANG_WARN_DIRECT_OBJC_ISA_USAGE = YES_ERROR;
				CLANG_WARN_DOCUMENTATION_COMMENTS = YES;
				CLANG_WARN_EMPTY_BODY = YES;
				CLANG_WARN_ENUM_CONVERSION = YES;
				CLANG_WARN_INFINITE_RECURSION = YES;
				CLANG_WARN_INT_CONVERSION = YES;
				CLANG_WARN_NON_LITERAL_NULL_CONVERSION = YES;
				CLANG_WARN_OBJC_LITERAL_CONVERSION = YES;
				CLANG_WARN_OBJC_ROOT_CLASS = YES_ERROR;
				CLANG_WARN_RANGE_LOOP_ANALYSIS = YES;
				CLANG_WARN_STRICT_PROTOTYPES = YES;
				CLANG_WARN_SUSPICIOUS_MOVE = YES;
				CLANG_WARN_UNGUARDED_AVAILABILITY = YES_AGGRESSIVE;
				CLANG_WARN_UNREACHABLE_CODE = YES;
				CLANG_WARN__DUPLICATE_METHOD_MATCH = YES;
				CODE_SIGN_IDENTITY = "iPhone Developer";
				COPY_PHASE_STRIP = NO;
				DEBUG_INFORMATION_FORMAT = "dwarf-with-dsym";
				ENABLE_NS_ASSERTIONS = NO;
				ENABLE_STRICT_OBJC_MSGSEND = YES;
				GCC_C_LANGUAGE_STANDARD = gnu11;
				GCC_NO_COMMON_BLOCKS = YES;
				GCC_WARN_64_TO_32_BIT_CONVERSION = YES;
				GCC_WARN_ABOUT_RETURN_TYPE = YES_ERROR;
				GCC_WARN_UNDECLARED_SELECTOR = YES;
				GCC_WARN_UNINITIALIZED_AUTOS = YES_AGGRESSIVE;
				GCC_WARN_UNUSED_FUNCTION = YES;
				GCC_WARN_UNUSED_VARIABLE = YES;
				IPHONEOS_DEPLOYMENT_TARGET = 11.2;
				MTL_ENABLE_DEBUG_INFO = NO;
				SDKROOT = iphoneos;
				SWIFT_OPTIMIZATION_LEVEL = "-Owholemodule";
				VALIDATE_PRODUCT = YES;
			};
			name = Release;
		};
		38172C9C20A30C24000CBD08 /* Debug */ = {
			isa = XCBuildConfiguration;
			buildSettings = {
				ASSETCATALOG_COMPILER_APPICON_NAME = AppIcon;
				ASSETCATALOG_COMPILER_LAUNCHIMAGE_NAME = LaunchImage;
				CODE_SIGN_STYLE = Manual;
				DEVELOPMENT_TEAM = U9UUQYRQBD;
				INFOPLIST_FILE = DouYuZHiBo/Info.plist;
				IPHONEOS_DEPLOYMENT_TARGET = 9.0;
				LD_RUNPATH_SEARCH_PATHS = "$(inherited) @executable_path/Frameworks";
				PRODUCT_BUNDLE_IDENTIFIER = com.nuanyou.unionclient;
				PRODUCT_NAME = "$(TARGET_NAME)";
				PROVISIONING_PROFILE = "bcb83aaa-6d25-4e91-af78-507f9c0c34a7";
				PROVISIONING_PROFILE_SPECIFIER = comnuanyouunionclientDevelopment;
				SWIFT_VERSION = 4.0;
				TARGETED_DEVICE_FAMILY = 1;
			};
			name = Debug;
		};
		38172C9D20A30C24000CBD08 /* Release */ = {
			isa = XCBuildConfiguration;
			buildSettings = {
				ASSETCATALOG_COMPILER_APPICON_NAME = AppIcon;
				ASSETCATALOG_COMPILER_LAUNCHIMAGE_NAME = LaunchImage;
				CODE_SIGN_STYLE = Manual;
				DEVELOPMENT_TEAM = U9UUQYRQBD;
				INFOPLIST_FILE = DouYuZHiBo/Info.plist;
				IPHONEOS_DEPLOYMENT_TARGET = 9.0;
				LD_RUNPATH_SEARCH_PATHS = "$(inherited) @executable_path/Frameworks";
				PRODUCT_BUNDLE_IDENTIFIER = com.nuanyou.unionclient;
				PRODUCT_NAME = "$(TARGET_NAME)";
				PROVISIONING_PROFILE = "bcb83aaa-6d25-4e91-af78-507f9c0c34a7";
				PROVISIONING_PROFILE_SPECIFIER = comnuanyouunionclientDevelopment;
				SWIFT_VERSION = 4.0;
				TARGETED_DEVICE_FAMILY = 1;
			};
			name = Release;
		};
/* End XCBuildConfiguration section */

/* Begin XCConfigurationList section */
		38172C8120A30C23000CBD08 /* Build configuration list for PBXProject "DouYuZHiBo" */ = {
			isa = XCConfigurationList;
			buildConfigurations = (
				38172C9920A30C24000CBD08 /* Debug */,
				38172C9A20A30C24000CBD08 /* Release */,
			);
			defaultConfigurationIsVisible = 0;
			defaultConfigurationName = Release;
		};
		38172C9B20A30C24000CBD08 /* Build configuration list for PBXNativeTarget "DouYuZHiBo" */ = {
			isa = XCConfigurationList;
			buildConfigurations = (
				38172C9C20A30C24000CBD08 /* Debug */,
				38172C9D20A30C24000CBD08 /* Release */,
			);
			defaultConfigurationIsVisible = 0;
			defaultConfigurationName = Release;
		};
/* End XCConfigurationList section */

/* Begin XCVersionGroup section */
		38172C9020A30C24000CBD08 /* DouYuZHiBo.xcdatamodeld */ = {
			isa = XCVersionGroup;
			children = (
				38172C9120A30C24000CBD08 /* DouYuZHiBo.xcdatamodel */,
			);
			currentVersion = 38172C9120A30C24000CBD08 /* DouYuZHiBo.xcdatamodel */;
			path = DouYuZHiBo.xcdatamodeld;
			sourceTree = "<group>";
			versionGroupType = wrapper.xcdatamodel;
		};
/* End XCVersionGroup section */
	};
	rootObject = 38172C7E20A30C23000CBD08 /* Project object */;
}
